
Microsoft Visual Studio Solution File, Format Version 12.00
# Visual Studio Version 16
VisualStudioVersion = 16.0.29613.14
MinimumVisualStudioVersion = 10.0.40219.1
Project("{8BC9CEB8-8B4A-11D0-8D11-00A0C91BC942}") = "netmeter", "netmeter.vcxproj", "{3F9A5DF2-A1D7-48C8-B3B2-0F2A02B244D8}"
EndProject
Global
	GlobalSection(SolutionConfigurationPlatforms) = preSolution
		Debug|x86 = Debug|x86
		Release|x86 = Release|x86
	EndGlobalSection
	GlobalSection(ProjectConfigurationPlatforms) = postSolution
		{3F9A5DF2-A1D7-48C8-B3B2-0F2A02B244D8}.Debug|x86.ActiveCfg = Debug|Win32
		{3F9A5DF2-A1D7-48C8-B3B2-0F2A02B244D8}.Debug|x86.Build.0 = Debug|Win32
		{3F9A5DF2-A1D7-48C8-B3B2-0F2A02B244D8}.Release|x86.ActiveCfg = Release|Win32
		{3F9A5DF2-A1D7-48C8-B3B2-0F2A02B244D8}.Release|x86.Build.0 = Release|Win32
	EndGlobalSection
	GlobalSection(SolutionProperties) = preSolution
		HideSolutionNode = FALSE
	EndGlobalSection
	GlobalSection(ExtensibilityGlobals) = postSolution
		SolutionGuid = {C501472F-0133-4D5C-AFFC-CC76B6B0187F}
	EndGlobalSection
EndGlobal
